github.com/bassosimone/dnscodec v0.0.0-20260928111729-777d57044539 h1:6Lvw4A8oa+/HainD35iXT2hkF/aYNuOmQhB+5XcqXyo=
github.com/bassosimone/dnscodec v0.0.0-20260928111729-777d57044539/go.mod h1:OgINwU3pnjaYemf6PRnScbwutQxBMWNxU/TYN8SJJys=
github.com/bassosimone/dnstest v0.0.0-20260928112322-b128c7797e99 h1:DA9X/LGz3DatJhwKxsFoF4Nzgzff88uZuYVQE7ZzrYQ=
github.com/bassosimone/dnstest v0.0.0-20260928112322-b128c7797e99/go.mod h1:6MWynytF/MYZ9I5uL2ErcV+KT8i6x+b3BvBEFMG961c=
github.com/bassosimone/netstub v0.0.0-20260928112048-621fd84591bd h1:vAoIMc8ElFVshoUVj5/yThBnJ9UBXnFyRJq/xxOv81M=
github.com/bassosimone/netstub v0.0.0-20260928112048-621fd84591bd/go.mod h1:6b7sfD5MznDaY0CxJXQ52OhuqG+yWDvjoN7A9+wKLLs=
github.com/bassosimone/pkitest v0.0.0-20260928112139-c2ca7e68520a h1:4GH9qDsexyElM8jPHVVWoYj1NJJJ/hR1LDqFk15ziNo=
github.com/bassosimone/pkitest v0.0.0-20260928112139-c2ca7e68520a/go.mod h1:8yycIHyEq14IvdJOEhj4/GK1+hM+VTF0rhtmkCCi7FA=
github.com/bassosimone/runtimex v0.0.0-20260928111457-f2fe934d5065 h1:kTLEe+4NAR6bH3XZHNxegfwUKKDArQHoJCQhrFQNZOU=
github.com/bassosimone/runtimex v0.0.0-20260928111457-f2fe934d5065/go.mod h1:2aW76skIZNS7ljOpIqU3eARVLmtb0AG/Gab4aegSkTA=
github.com/miekg/dns v1.1.73 h1:uhT8nJxmTrPJYClxVxTCX+CVn6qnzSiybRk72Z6DgrE=
github.com/miekg/dns v1.1.73/go.mod h1:RW2Obtfd5NZHvOFe3zYG0W8koWOQtAzyHaLo8vASBuQ=
github.com/rogpeppe/go-internal v1.16.0 h1:O9DK+vNMDVGLr2BeZqmpLeMjiMNkuXfcqntWbZV6S5g=
github.com/rogpeppe/go-internal v1.16.0/go.mod h1:DrUVZyrJU+txYW5/1kwtXQSMFio52ZOxX7yM1VHvnxs=
github.com/stretchr/testify v1.12.1 h1:EuwCh5fleGS7H32xRwO3wRGT7DxrDhLAT6FF8MpWDWE=
github.com/stretchr/testify v1.12.1/go.mod h1:MDEgiDPPsNp5cuIrHPPCyornHKgEVbtFUmoNlxoYthg=
go.yaml.in/yaml/v3 v3.0.5 h1:N6y/pJk8buWs9NY5ERU2HSMfm+IuD/OtfdAnq6kESPw=
go.yaml.in/yaml/v3 v3.0.5/go.mod h1:HVTZu1O7/Vkt2N+BFy8Zza+lnLsABggaTM2ZpNIGuKg=
golang.org/x/net v0.59.0 h1:5zfYln+w5XCxwrnMMJPufRgNoXEaGxl0wo5GqPXyues=
golang.org/x/net v0.59.0/go.mod h1:2DA/G1UfVbCpQPeWTmMPGY7Cs2PkBkwu743bVX5PIVg=
golang.org/x/sync v0.23.0 h1:KameEIfc1IkluZyXWLn39Wd4tURc6GbCiISGiZm2bQk=
golang.org/x/sync v0.23.0/go.mod h1:sUUOizhqBxiL6pEWpqNLUiaJn1ShEbZ6BBqskPbjZm0=
golang.org/x/sys v0.48.0 h1:bbX/i/6MgT9BVLM9RT1thmxL04yeTAhbEz4SyadbXoo=
golang.org/x/sys v0.48.0/go.mod h1:hNLxWAXmnKAxqDtdwIYC4bM9oQPEecfsnNMuSxOs3og=
golang.org/x/text v0.42.0 h1:JbOZXgfeCPU9gacVtYliJqOhD+zhrEqK4LfdpmlUZqI=
golang.org/x/text v0.42.0/go.mod h1:ojzP1Z+2QtioaF8DTtO8K5q7JWVVYwZKenzujK0Zd0E=
